
Microsoft Visual Studio Solution File, Format Version 12.00
# Visual Studio Version 16
VisualStudioVersion = 16.0.31624.102
MinimumVisualStudioVersion = 10.0.40219.1
Project("{FAE04EC0-301F-11D3-BF4B-00C04F79EFBC}") = "Metsastaja", "Metsastaja\Metsastaja.csproj", "{FB52032E-D0F7-4F8B-810A-4B7A28EA553E}"
EndProject
Global
	GlobalSection(SolutionConfigurationPlatforms) = preSolution
		Debug|Any CPU = Debug|Any CPU
		Release|Any CPU = Release|Any CPU
	EndGlobalSection
	GlobalSection(ProjectConfigurationPlatforms) = postSolution
		{FB52032E-D0F7-4F8B-810A-4B7A28EA553E}.Debug|Any CPU.ActiveCfg = Debug|Any CPU
		{FB52032E-D0F7-4F8B-810A-4B7A28EA553E}.Debug|Any CPU.Build.0 = Debug|Any CPU
		{FB52032E-D0F7-4F8B-810A-4B7A28EA553E}.Release|Any CPU.ActiveCfg = Release|Any CPU
		{FB52032E-D0F7-4F8B-810A-4B7A28EA553E}.Release|Any CPU.Build.0 = Release|Any CPU
	EndGlobalSection
	GlobalSection(SolutionProperties) = preSolution
		HideSolutionNode = FALSE
	EndGlobalSection
	GlobalSection(ExtensibilityGlobals) = postSolution
		SolutionGuid = {7BD48FEE-E7C8-4778-A6EB-6D75532B8106}
	EndGlobalSection
EndGlobal
